
Microsoft Visual Studio Solution File, Format Version 12.00
# Visual Studio Version 17
VisualStudioVersion = 17.5.002.0
MinimumVisualStudioVersion = 10.0.40219.1
Project("{9A19103F-16F7-4668-BE54-9A1E7A4F7556}") = "zadacha_13", "zadacha_13.csproj", "{A7888B62-500C-4D64-A663-96F90FC7DAB1}"
EndProject
Global
	GlobalSection(SolutionConfigurationPlatforms) = preSolution
		Debug|Any CPU = Debug|Any CPU
		Release|Any CPU = Release|Any CPU
	EndGlobalSection
	GlobalSection(ProjectConfigurationPlatforms) = postSolution
		{A7888B62-500C-4D64-A663-96F90FC7DAB1}.Debug|Any CPU.ActiveCfg = Debug|Any CPU
		{A7888B62-500C-4D64-A663-96F90FC7DAB1}.Debug|Any CPU.Build.0 = Debug|Any CPU
		{A7888B62-500C-4D64-A663-96F90FC7DAB1}.Release|Any CPU.ActiveCfg = Release|Any CPU
		{A7888B62-500C-4D64-A663-96F90FC7DAB1}.Release|Any CPU.Build.0 = Release|Any CPU
	EndGlobalSection
	GlobalSection(SolutionProperties) = preSolution
		HideSolutionNode = FALSE
	EndGlobalSection
	GlobalSection(ExtensibilityGlobals) = postSolution
		SolutionGuid = {C3CD95AC-76E4-41DF-A6C6-30F708C423F9}
	EndGlobalSection
EndGlobal
