
Microsoft Visual Studio Solution File, Format Version 12.00
# Visual Studio Version 17
VisualStudioVersion = 17.5.002.0
MinimumVisualStudioVersion = 10.0.40219.1
Project("{9A19103F-16F7-4668-BE54-9A1E7A4F7556}") = "zadacha_10", "zadacha_10.csproj", "{168C2326-0592-441F-8B92-DC1BFB8BA61B}"
EndProject
Global
	GlobalSection(SolutionConfigurationPlatforms) = preSolution
		Debug|Any CPU = Debug|Any CPU
		Release|Any CPU = Release|Any CPU
	EndGlobalSection
	GlobalSection(ProjectConfigurationPlatforms) = postSolution
		{168C2326-0592-441F-8B92-DC1BFB8BA61B}.Debug|Any CPU.ActiveCfg = Debug|Any CPU
		{168C2326-0592-441F-8B92-DC1BFB8BA61B}.Debug|Any CPU.Build.0 = Debug|Any CPU
		{168C2326-0592-441F-8B92-DC1BFB8BA61B}.Release|Any CPU.ActiveCfg = Release|Any CPU
		{168C2326-0592-441F-8B92-DC1BFB8BA61B}.Release|Any CPU.Build.0 = Release|Any CPU
	EndGlobalSection
	GlobalSection(SolutionProperties) = preSolution
		HideSolutionNode = FALSE
	EndGlobalSection
	GlobalSection(ExtensibilityGlobals) = postSolution
		SolutionGuid = {3D03FB35-E062-4173-BB89-18F8F73127E9}
	EndGlobalSection
EndGlobal
